// !$*UTF8*$!
{
	archiveVersion = 1;
	classes = {
	};
	objectVersion = 46;
	objects = {

/* Begin PBXBuildFile section */
		DE166F7F207E55C200E3FA71 /* SyncButton.m in Sources */ = {isa = PBXBuildFile; fileRef = DE166F7E207E55C200E3FA71 /* SyncButton.m */; };
		DE166F852087AF6900E3FA71 /* ShortcutRecorder.framework in Frameworks */ = {isa = PBXBuildFile; fileRef = DE166F832087AF6900E3FA71 /* ShortcutRecorder.framework */; };
		DE166F862087AF6900E3FA71 /* PTHotKey.framework in Frameworks */ = {isa = PBXBuildFile; fileRef = DE166F842087AF6900E3FA71 /* PTHotKey.framework */; };
		DE166F8C2087B58700E3FA71 /* PTHotKey.framework in Frameworks */ = {isa = PBXBuildFile; fileRef = DE166F842087AF6900E3FA71 /* PTHotKey.framework */; };
		DE166F8D2087B58700E3FA71 /* PTHotKey.framework in Embed Frameworks */ = {isa = PBXBuildFile; fileRef = DE166F842087AF6900E3FA71 /* PTHotKey.framework */; settings = {ATTRIBUTES = (CodeSignOnCopy, RemoveHeadersOnCopy, ); }; };
		DE166F8F2087B58A00E3FA71 /* ShortcutRecorder.framework in Frameworks */ = {isa = PBXBuildFile; fileRef = DE166F832087AF6900E3FA71 /* ShortcutRecorder.framework */; };
		DE166F902087B58A00E3FA71 /* ShortcutRecorder.framework in Embed Frameworks */ = {isa = PBXBuildFile; fileRef = DE166F832087AF6900E3FA71 /* ShortcutRecorder.framework */; settings = {ATTRIBUTES = (CodeSignOnCopy, RemoveHeadersOnCopy, ); }; };
		DE166F932087B8A200E3FA71 /* GHAdvanceViewController.m in Sources */ = {isa = PBXBuildFile; fileRef = DE166F922087B8A200E3FA71 /* GHAdvanceViewController.m */; };
		DE18E27D208DD4A7002E1E08 /* MBProgressHUD.m in Sources */ = {isa = PBXBuildFile; fileRef = DE18E27C208DD4A7002E1E08 /* MBProgressHUD.m */; };
		DE1B71B11D2C081B00A85EE0 /* info.png in Resources */ = {isa = PBXBuildFile; fileRef = DE1B71A61D2C081B00A85EE0 /* info.png */; };
		DE1B71B21D2C081B00A85EE0 /* ghostkbd-16.png in Resources */ = {isa = PBXBuildFile; fileRef = DE1B71A71D2C081B00A85EE0 /* ghostkbd-16.png */; };
		DE1B71B31D2C081B00A85EE0 /* ghostkbd-32.png in Resources */ = {isa = PBXBuildFile; fileRef = DE1B71A81D2C081B00A85EE0 /* ghostkbd-32.png */; };
		DE1B71B41D2C081B00A85EE0 /* ghostkbd-128.png in Resources */ = {isa = PBXBuildFile; fileRef = DE1B71A91D2C081B00A85EE0 /* ghostkbd-128.png */; };
		DE1B71B51D2C081B00A85EE0 /* ghostkbd-256.png in Resources */ = {isa = PBXBuildFile; fileRef = DE1B71AA1D2C081B00A85EE0 /* ghostkbd-256.png */; };
		DE1B71B61D2C081B00A85EE0 /* ghostkbd-512.png in Resources */ = {isa = PBXBuildFile; fileRef = DE1B71AB1D2C081B00A85EE0 /* ghostkbd-512.png */; };
		DE1B71C71D2C082F00A85EE0 /* GHDefaultManager.m in Sources */ = {isa = PBXBuildFile; fileRef = DE1B71BB1D2C082F00A85EE0 /* GHDefaultManager.m */; };
		DE1B71C81D2C082F00A85EE0 /* GHInputAddDefaultCellView.m in Sources */ = {isa = PBXBuildFile; fileRef = DE1B71BD1D2C082F00A85EE0 /* GHInputAddDefaultCellView.m */; };
		DE1B71C91D2C082F00A85EE0 /* GHInputDefaultCellView.m in Sources */ = {isa = PBXBuildFile; fileRef = DE1B71BF1D2C082F00A85EE0 /* GHInputDefaultCellView.m */; };
		DE1B71CC1D2C082F00A85EE0 /* GHDefaultInfo.m in Sources */ = {isa = PBXBuildFile; fileRef = DE1B71C51D2C082F00A85EE0 /* GHDefaultInfo.m */; };
		DE25403F1F141DA50093EEB2 /* Localizable.strings in Resources */ = {isa = PBXBuildFile; fileRef = DE25403D1F141DA50093EEB2 /* Localizable.strings */; };
		DE29674E216C937000936D8D /* GHInstallViewController.m in Sources */ = {isa = PBXBuildFile; fileRef = DE29674D216C937000936D8D /* GHInstallViewController.m */; };
		DE39697B207B020C00376496 /* GHSettingTabViewController.m in Sources */ = {isa = PBXBuildFile; fileRef = DE39697A207B020C00376496 /* GHSettingTabViewController.m */; };
		DE396981207B061C00376496 /* GHInfoViewController.m in Sources */ = {isa = PBXBuildFile; fileRef = DE396980207B061C00376496 /* GHInfoViewController.m */; };
		DE396984207B064500376496 /* GHProfileViewController.m in Sources */ = {isa = PBXBuildFile; fileRef = DE396983207B064400376496 /* GHProfileViewController.m */; };
		DE40A1D72080D4FA00C1DEE0 /* GHProfileTextField.m in Sources */ = {isa = PBXBuildFile; fileRef = DE40A1D62080D4FA00C1DEE0 /* GHProfileTextField.m */; };
		DE40A1FA2084443600C1DEE0 /* GHProfilesTableView.m in Sources */ = {isa = PBXBuildFile; fileRef = DE40A1F92084443600C1DEE0 /* GHProfilesTableView.m */; };
		DE40A20620849EC800C1DEE0 /* GHSyncViewController.m in Sources */ = {isa = PBXBuildFile; fileRef = DE40A20520849EC800C1DEE0 /* GHSyncViewController.m */; };
		DE456C7821730DF5003D69BF /* toolbaricon_install.tif in Resources */ = {isa = PBXBuildFile; fileRef = DE456C7721730DF5003D69BF /* toolbaricon_install.tif */; };
		DE5951F4208880350004D663 /* GHAdvanceInputIdCellView.m in Sources */ = {isa = PBXBuildFile; fileRef = DE5951F3208880350004D663 /* GHAdvanceInputIdCellView.m */; };
		DE5951F7208880550004D663 /* GHAdvanceInputShortcutCellView.m in Sources */ = {isa = PBXBuildFile; fileRef = DE5951F6208880550004D663 /* GHAdvanceInputShortcutCellView.m */; };
		DE5EC3751D31DCAF00B51843 /* ghostkbd-64.png in Resources */ = {isa = PBXBuildFile; fileRef = DE5EC3741D31DCAF00B51843 /* ghostkbd-64.png */; };
		DE5EC3771D31DDC200B51843 /* ghostkbd-1024.png in Resources */ = {isa = PBXBuildFile; fileRef = DE5EC3761D31DDC200B51843 /* ghostkbd-1024.png */; };
		DE6634851CB21552009EE247 /* AppDelegate.m in Sources */ = {isa = PBXBuildFile; fileRef = DE6634841CB21552009EE247 /* AppDelegate.m */; };
		DE6634881CB21552009EE247 /* main.m in Sources */ = {isa = PBXBuildFile; fileRef = DE6634871CB21552009EE247 /* main.m */; };
		DE66348A1CB21552009EE247 /* Assets.xcassets in Resources */ = {isa = PBXBuildFile; fileRef = DE6634891CB21552009EE247 /* Assets.xcassets */; };
		DE66348D1CB21552009EE247 /* MainMenu.xib in Resources */ = {isa = PBXBuildFile; fileRef = DE66348B1CB21552009EE247 /* MainMenu.xib */; };
		DE7CE11F1D3A87360054EC41 /* setting.png in Resources */ = {isa = PBXBuildFile; fileRef = DE7CE11E1D3A87360054EC41 /* setting.png */; };
		DE7CE1211D3A88780054EC41 /* quit.png in Resources */ = {isa = PBXBuildFile; fileRef = DE7CE1201D3A88780054EC41 /* quit.png */; };
		DE7CE1251D3A906A0054EC41 /* GHSettingWindowControler.m in Sources */ = {isa = PBXBuildFile; fileRef = DE7CE1231D3A906A0054EC41 /* GHSettingWindowControler.m */; };
		DE7CE1281D3B094A0054EC41 /* arrow-right.png in Resources */ = {isa = PBXBuildFile; fileRef = DE7CE1271D3B094A0054EC41 /* arrow-right.png */; };
		DE8D10491F72862F00718AD0 /* ghost_dark_small.png in Resources */ = {isa = PBXBuildFile; fileRef = DE8D10471F72862F00718AD0 /* ghost_dark_small.png */; };
		DE8D104A1F72862F00718AD0 /* ghost_dark_small@2x.png in Resources */ = {isa = PBXBuildFile; fileRef = DE8D10481F72862F00718AD0 /* ghost_dark_small@2x.png */; };
		DE93984020A1986000D56989 /* ApplicationServices.framework in Frameworks */ = {isa = PBXBuildFile; fileRef = DE93983F20A1986000D56989 /* ApplicationServices.framework */; };
		DE93984420A28F3E00D56989 /* toolbaricon_profile.tif in Resources */ = {isa = PBXBuildFile; fileRef = DE93984120A28F3E00D56989 /* toolbaricon_profile.tif */; };
		DE93984520A28F3E00D56989 /* toolbaricon_sync.tif in Resources */ = {isa = PBXBuildFile; fileRef = DE93984220A28F3E00D56989 /* toolbaricon_sync.tif */; };
		DE93984620A28F3E00D56989 /* toolbaricon_about.tif in Resources */ = {isa = PBXBuildFile; fileRef = DE93984320A28F3E00D56989 /* toolbaricon_about.tif */; };
		DE93984E20A294F100D56989 /* Storyboard.storyboard in Resources */ = {isa = PBXBuildFile; fileRef = DE93984D20A294F000D56989 /* Storyboard.storyboard */; };
		DE9E0650217C287A004A1A3F /* NSAttributedString+Hyperlink.m in Sources */ = {isa = PBXBuildFile; fileRef = DE9E064F217C287A004A1A3F /* NSAttributedString+Hyperlink.m */; };
		DE9E0653217C2A55004A1A3F /* HyperLinkTextField.m in Sources */ = {isa = PBXBuildFile; fileRef = DE9E0652217C2A55004A1A3F /* HyperLinkTextField.m */; };
		DEA777B6207C564A00D682D8 /* GHProfileCellView.m in Sources */ = {isa = PBXBuildFile; fileRef = DEA777B5207C564A00D682D8 /* GHProfileCellView.m */; };
		DEA777B9207C566F00D682D8 /* GHProfileContentCellView.m in Sources */ = {isa = PBXBuildFile; fileRef = DEA777B8207C566F00D682D8 /* GHProfileContentCellView.m */; };
		DEB19AA220A97088000B7F0C /* GHInputSourceManager.m in Sources */ = {isa = PBXBuildFile; fileRef = DEB19AA120A97088000B7F0C /* GHInputSourceManager.m */; };
		DEB19AA520A97148000B7F0C /* GHInputSource.m in Sources */ = {isa = PBXBuildFile; fileRef = DEB19AA420A97148000B7F0C /* GHInputSource.m */; };
		DEBE9D5320A13C4100F6D055 /* cloud_download-512.png in Resources */ = {isa = PBXBuildFile; fileRef = DEBE9D4D20A13C4000F6D055 /* cloud_download-512.png */; };
		DEBE9D5420A13C4100F6D055 /* cloud_upload-128.png in Resources */ = {isa = PBXBuildFile; fileRef = DEBE9D4E20A13C4000F6D055 /* cloud_upload-128.png */; };
		DEBE9D5520A13C4100F6D055 /* cloud_upload-256.png in Resources */ = {isa = PBXBuildFile; fileRef = DEBE9D4F20A13C4000F6D055 /* cloud_upload-256.png */; };
		DEBE9D5620A13C4100F6D055 /* cloud_download-128.png in Resources */ = {isa = PBXBuildFile; fileRef = DEBE9D5020A13C4000F6D055 /* cloud_download-128.png */; };
		DEBE9D5720A13C4100F6D055 /* cloud_upload-512.png in Resources */ = {isa = PBXBuildFile; fileRef = DEBE9D5120A13C4000F6D055 /* cloud_upload-512.png */; };
		DEBE9D5820A13C4100F6D055 /* cloud_download-256.png in Resources */ = {isa = PBXBuildFile; fileRef = DEBE9D5220A13C4100F6D055 /* cloud_download-256.png */; };
		DEBE9D6F20A18A4900F6D055 /* icloud_drive-128.png in Resources */ = {isa = PBXBuildFile; fileRef = DEBE9D6C20A18A4800F6D055 /* icloud_drive-128.png */; };
		DEBE9D7020A18A4900F6D055 /* icloud_drive-256.png in Resources */ = {isa = PBXBuildFile; fileRef = DEBE9D6D20A18A4800F6D055 /* icloud_drive-256.png */; };
		DEBE9D7120A18A4900F6D055 /* icloud_drive-512.png in Resources */ = {isa = PBXBuildFile; fileRef = DEBE9D6E20A18A4800F6D055 /* icloud_drive-512.png */; };
		DEBF9F3F208B7ADA00B836DC /* GHKeybindingManager.m in Sources */ = {isa = PBXBuildFile; fileRef = DEBF9F3E208B7ADA00B836DC /* GHKeybindingManager.m */; };
		DEBF9F43208F972300B836DC /* CloudKit.framework in Frameworks */ = {isa = PBXBuildFile; fileRef = DEBF9F42208F972300B836DC /* CloudKit.framework */; };
		DED170BB216EF431003E2F1D /* switch_scpt.txt in Resources */ = {isa = PBXBuildFile; fileRef = DED170BA216EF431003E2F1D /* switch_scpt.txt */; };
		DEDE04091F1B1D2D005F9D70 /* InfoPlist.strings in Resources */ = {isa = PBXBuildFile; fileRef = DEDE040B1F1B1D2D005F9D70 /* InfoPlist.strings */; };
		DEE204FF207B42E6009627BB /* NSColor+Extensions.m in Sources */ = {isa = PBXBuildFile; fileRef = DEE204FC207B42E6009627BB /* NSColor+Extensions.m */; };
		DEE20500207B42E6009627BB /* NSView+MyCategory.m in Sources */ = {isa = PBXBuildFile; fileRef = DEE204FE207B42E6009627BB /* NSView+MyCategory.m */; };
		DEEAE1331D3364B6005893F5 /* ghost_white_small.png in Resources */ = {isa = PBXBuildFile; fileRef = DEEAE1311D3364B6005893F5 /* ghost_white_small.png */; };
/* End PBXBuildFile section */

/* Begin PBXContainerItemProxy section */
		DE6634941CB21552009EE247 /* PBXContainerItemProxy */ = {
			isa = PBXContainerItemProxy;
			containerPortal = DE6634781CB21551009EE247 /* Project object */;
			proxyType = 1;
			remoteGlobalIDString = DE66347F1CB21552009EE247;
			remoteInfo = GhostSKB;
		};
		DE66349F1CB21552009EE247 /* PBXContainerItemProxy */ = {
			isa = PBXContainerItemProxy;
			containerPortal = DE6634781CB21551009EE247 /* Project object */;
			proxyType = 1;
			remoteGlobalIDString = DE66347F1CB21552009EE247;
			remoteInfo = GhostSKB;
		};
/* End PBXContainerItemProxy section */

/* Begin PBXCopyFilesBuildPhase section */
		DE166F8E2087B58800E3FA71 /* Embed Frameworks */ = {
			isa = PBXCopyFilesBuildPhase;
			buildActionMask = 2147483647;
			dstPath = "";
			dstSubfolderSpec = 10;
			files = (
				DE166F902087B58A00E3FA71 /* ShortcutRecorder.framework in Embed Frameworks */,
				DE166F8D2087B58700E3FA71 /* PTHotKey.framework in Embed Frameworks */,
			);
			name = "Embed Frameworks";
			runOnlyForDeploymentPostprocessing = 0;
		};
/* End PBXCopyFilesBuildPhase section */

/* Begin PBXFileReference section */
		DE166F7D207E55C200E3FA71 /* SyncButton.h */ = {isa = PBXFileReference; lastKnownFileType = sourcecode.c.h; name = SyncButton.h; path = Classes/SyncButton.h; sourceTree = "<group>"; };
		DE166F7E207E55C200E3FA71 /* SyncButton.m */ = {isa = PBXFileReference; lastKnownFileType = sourcecode.c.objc; name = SyncButton.m; path = Classes/SyncButton.m; sourceTree = "<group>"; };
		DE166F832087AF6900E3FA71 /* ShortcutRecorder.framework */ = {isa = PBXFileReference; lastKnownFileType = wrapper.framework; name = ShortcutRecorder.framework; path = Frameworks/ShortcutRecorder.framework; sourceTree = "<group>"; };
		DE166F842087AF6900E3FA71 /* PTHotKey.framework */ = {isa = PBXFileReference; lastKnownFileType = wrapper.framework; name = PTHotKey.framework; path = Frameworks/PTHotKey.framework; sourceTree = "<group>"; };
		DE166F912087B8A200E3FA71 /* GHAdvanceViewController.h */ = {isa = PBXFileReference; lastKnownFileType = sourcecode.c.h; name = GHAdvanceViewController.h; path = Classes/GHAdvanceViewController.h; sourceTree = "<group>"; };
		DE166F922087B8A200E3FA71 /* GHAdvanceViewController.m */ = {isa = PBXFileReference; lastKnownFileType = sourcecode.c.objc; name = GHAdvanceViewController.m; path = Classes/GHAdvanceViewController.m; sourceTree = "<group>"; };
		DE166F94208A3CD700E3FA71 /* AppKit.framework */ = {isa = PBXFileReference; lastKnownFileType = wrapper.framework; name = AppKit.framework; path = System/Library/Frameworks/AppKit.framework; sourceTree = SDKROOT; };
		DE18E27B208DD4A6002E1E08 /* MBProgressHUD.h */ = {isa = PBXFileReference; fileEncoding = 4; lastKnownFileType = sourcecode.c.h; path = MBProgressHUD.h; sourceTree = "<group>"; };
		DE18E27C208DD4A7002E1E08 /* MBProgressHUD.m */ = {isa = PBXFileReference; fileEncoding = 4; lastKnownFileType = sourcecode.c.objc; path = MBProgressHUD.m; sourceTree = "<group>"; };
		DE1B71A61D2C081B00A85EE0 /* info.png */ = {isa = PBXFileReference; lastKnownFileType = image.png; name = info.png; path = Resources/info.png; sourceTree = "<group>"; };
		DE1B71A71D2C081B00A85EE0 /* ghostkbd-16.png */ = {isa = PBXFileReference; lastKnownFileType = image.png; name = "ghostkbd-16.png"; path = "Resources/ghostkbd-16.png"; sourceTree = "<group>"; };
		DE1B71A81D2C081B00A85EE0 /* ghostkbd-32.png */ = {isa = PBXFileReference; lastKnownFileType = image.png; name = "ghostkbd-32.png"; path = "Resources/ghostkbd-32.png"; sourceTree = "<group>"; };
		DE1B71A91D2C081B00A85EE0 /* ghostkbd-128.png */ = {isa = PBXFileReference; lastKnownFileType = image.png; name = "ghostkbd-128.png"; path = "Resources/ghostkbd-128.png"; sourceTree = "<group>"; };
		DE1B71AA1D2C081B00A85EE0 /* ghostkbd-256.png */ = {isa = PBXFileReference; lastKnownFileType = image.png; name = "ghostkbd-256.png"; path = "Resources/ghostkbd-256.png"; sourceTree = "<group>"; };
		DE1B71AB1D2C081B00A85EE0 /* ghostkbd-512.png */ = {isa = PBXFileReference; lastKnownFileType = image.png; name = "ghostkbd-512.png"; path = "Resources/ghostkbd-512.png"; sourceTree = "<group>"; };
		DE1B71BB1D2C082F00A85EE0 /* GHDefaultManager.m */ = {isa = PBXFileReference; fileEncoding = 4; lastKnownFileType = sourcecode.c.objc; name = GHDefaultManager.m; path = Classes/GHDefaultManager.m; sourceTree = "<group>"; };
		DE1B71BC1D2C082F00A85EE0 /* GHInputAddDefaultCellView.h */ = {isa = PBXFileReference; fileEncoding = 4; lastKnownFileType = sourcecode.c.h; name = GHInputAddDefaultCellView.h; path = Classes/GHInputAddDefaultCellView.h; sourceTree = "<group>"; };
		DE1B71BD1D2C082F00A85EE0 /* GHInputAddDefaultCellView.m */ = {isa = PBXFileReference; fileEncoding = 4; lastKnownFileType = sourcecode.c.objc; name = GHInputAddDefaultCellView.m; path = Classes/GHInputAddDefaultCellView.m; sourceTree = "<group>"; };
		DE1B71BE1D2C082F00A85EE0 /* GHInputDefaultCellView.h */ = {isa = PBXFileReference; fileEncoding = 4; lastKnownFileType = sourcecode.c.h; name = GHInputDefaultCellView.h; path = Classes/GHInputDefaultCellView.h; sourceTree = "<group>"; };
		DE1B71BF1D2C082F00A85EE0 /* GHInputDefaultCellView.m */ = {isa = PBXFileReference; fileEncoding = 4; lastKnownFileType = sourcecode.c.objc; name = GHInputDefaultCellView.m; path = Classes/GHInputDefaultCellView.m; sourceTree = "<group>"; };
		DE1B71C41D2C082F00A85EE0 /* GHDefaultInfo.h */ = {isa = PBXFileReference; fileEncoding = 4; lastKnownFileType = sourcecode.c.h; name = GHDefaultInfo.h; path = Classes/GHDefaultInfo.h; sourceTree = "<group>"; };
		DE1B71C51D2C082F00A85EE0 /* GHDefaultInfo.m */ = {isa = PBXFileReference; fileEncoding = 4; lastKnownFileType = sourcecode.c.objc; name = GHDefaultInfo.m; path = Classes/GHDefaultInfo.m; sourceTree = "<group>"; };
		DE1B71C61D2C082F00A85EE0 /* GHDefaultManager.h */ = {isa = PBXFileReference; fileEncoding = 4; lastKnownFileType = sourcecode.c.h; name = GHDefaultManager.h; path = Classes/GHDefaultManager.h; sourceTree = "<group>"; };
		DE25403E1F141DA50093EEB2 /* en */ = {isa = PBXFileReference; lastKnownFileType = text.plist.strings; name = en; path = GhostSKB/en.lproj/Localizable.strings; sourceTree = "<group>"; };
		DE2540401F141DD70093EEB2 /* zh-Hans */ = {isa = PBXFileReference; lastKnownFileType = text.plist.strings; name = "zh-Hans"; path = "GhostSKB/zh-Hans.lproj/Localizable.strings"; sourceTree = "<group>"; };
		DE29674C216C937000936D8D /* GHInstallViewController.h */ = {isa = PBXFileReference; lastKnownFileType = sourcecode.c.h; name = GHInstallViewController.h; path = Classes/GHInstallViewController.h; sourceTree = "<group>"; };
		DE29674D216C937000936D8D /* GHInstallViewController.m */ = {isa = PBXFileReference; lastKnownFileType = sourcecode.c.objc; name = GHInstallViewController.m; path = Classes/GHInstallViewController.m; sourceTree = "<group>"; };
		DE396979207B020C00376496 /* GHSettingTabViewController.h */ = {isa = PBXFileReference; lastKnownFileType = sourcecode.c.h; name = GHSettingTabViewController.h; path = Classes/GHSettingTabViewController.h; sourceTree = "<group>"; };
		DE39697A207B020C00376496 /* GHSettingTabViewController.m */ = {isa = PBXFileReference; lastKnownFileType = sourcecode.c.objc; name = GHSettingTabViewController.m; path = Classes/GHSettingTabViewController.m; sourceTree = "<group>"; };
		DE39697F207B061C00376496 /* GHInfoViewController.h */ = {isa = PBXFileReference; lastKnownFileType = sourcecode.c.h; name = GHInfoViewController.h; path = Classes/GHInfoViewController.h; sourceTree = "<group>"; };
		DE396980207B061C00376496 /* GHInfoViewController.m */ = {isa = PBXFileReference; lastKnownFileType = sourcecode.c.objc; name = GHInfoViewController.m; path = Classes/GHInfoViewController.m; sourceTree = "<group>"; };
		DE396982207B064400376496 /* GHProfileViewController.h */ = {isa = PBXFileReference; fileEncoding = 4; lastKnownFileType = sourcecode.c.h; name = GHProfileViewController.h; path = Classes/GHProfileViewController.h; sourceTree = "<group>"; };
		DE396983207B064400376496 /* GHProfileViewController.m */ = {isa = PBXFileReference; fileEncoding = 4; lastKnownFileType = sourcecode.c.objc; name = GHProfileViewController.m; path = Classes/GHProfileViewController.m; sourceTree = "<group>"; };
		DE40A1D52080D4FA00C1DEE0 /* GHProfileTextField.h */ = {isa = PBXFileReference; lastKnownFileType = sourcecode.c.h; name = GHProfileTextField.h; path = Classes/GHProfileTextField.h; sourceTree = "<group>"; };
		DE40A1D62080D4FA00C1DEE0 /* GHProfileTextField.m */ = {isa = PBXFileReference; lastKnownFileType = sourcecode.c.objc; name = GHProfileTextField.m; path = Classes/GHProfileTextField.m; sourceTree = "<group>"; };
		DE40A1F82084443600C1DEE0 /* GHProfilesTableView.h */ = {isa = PBXFileReference; lastKnownFileType = sourcecode.c.h; name = GHProfilesTableView.h; path = Classes/GHProfilesTableView.h; sourceTree = "<group>"; };
		DE40A1F92084443600C1DEE0 /* GHProfilesTableView.m */ = {isa = PBXFileReference; lastKnownFileType = sourcecode.c.objc; name = GHProfilesTableView.m; path = Classes/GHProfilesTableView.m; sourceTree = "<group>"; };
		DE40A20420849EC800C1DEE0 /* GHSyncViewController.h */ = {isa = PBXFileReference; lastKnownFileType = sourcecode.c.h; name = GHSyncViewController.h; path = Classes/GHSyncViewController.h; sourceTree = "<group>"; };
		DE40A20520849EC800C1DEE0 /* GHSyncViewController.m */ = {isa = PBXFileReference; lastKnownFileType = sourcecode.c.objc; name = GHSyncViewController.m; path = Classes/GHSyncViewController.m; sourceTree = "<group>"; };
		DE456C762171C9BB003D69BF /* AppKit.framework */ = {isa = PBXFileReference; lastKnownFileType = wrapper.framework; name = AppKit.framework; path = System/Library/Frameworks/AppKit.framework; sourceTree = SDKROOT; };
		DE456C7721730DF5003D69BF /* toolbaricon_install.tif */ = {isa = PBXFileReference; lastKnownFileType = image.tiff; name = toolbaricon_install.tif; path = Resources/toolbaricon_install.tif; sourceTree = "<group>"; };
		DE53E5181D375BC2003D6E72 /* GhostSKB.entitlements */ = {isa = PBXFileReference; lastKnownFileType = text.xml; path = GhostSKB.entitlements; sourceTree = "<group>"; };
		DE5951F2208880350004D663 /* GHAdvanceInputIdCellView.h */ = {isa = PBXFileReference; lastKnownFileType = sourcecode.c.h; name = GHAdvanceInputIdCellView.h; path = Classes/GHAdvanceInputIdCellView.h; sourceTree = "<group>"; };
		DE5951F3208880350004D663 /* GHAdvanceInputIdCellView.m */ = {isa = PBXFileReference; lastKnownFileType = sourcecode.c.objc; name = GHAdvanceInputIdCellView.m; path = Classes/GHAdvanceInputIdCellView.m; sourceTree = "<group>"; };
		DE5951F5208880550004D663 /* GHAdvanceInputShortcutCellView.h */ = {isa = PBXFileReference; lastKnownFileType = sourcecode.c.h; name = GHAdvanceInputShortcutCellView.h; path = Classes/GHAdvanceInputShortcutCellView.h; sourceTree = "<group>"; };
		DE5951F6208880550004D663 /* GHAdvanceInputShortcutCellView.m */ = {isa = PBXFileReference; lastKnownFileType = sourcecode.c.objc; name = GHAdvanceInputShortcutCellView.m; path = Classes/GHAdvanceInputShortcutCellView.m; sourceTree = "<group>"; };
		DE5EC3741D31DCAF00B51843 /* ghostkbd-64.png */ = {isa = PBXFileReference; lastKnownFileType = image.png; name = "ghostkbd-64.png"; path = "Resources/ghostkbd-64.png"; sourceTree = "<group>"; };
		DE5EC3761D31DDC200B51843 /* ghostkbd-1024.png */ = {isa = PBXFileReference; lastKnownFileType = image.png; name = "ghostkbd-1024.png"; path = "Resources/ghostkbd-1024.png"; sourceTree = "<group>"; };
		DE6634801CB21552009EE247 /* GhostSKB.app */ = {isa = PBXFileReference; explicitFileType = wrapper.application; includeInIndex = 0; path = GhostSKB.app; sourceTree = BUILT_PRODUCTS_DIR; };
		DE6634831CB21552009EE247 /* AppDelegate.h */ = {isa = PBXFileReference; lastKnownFileType = sourcecode.c.h; path = AppDelegate.h; sourceTree = "<group>"; };
		DE6634841CB21552009EE247 /* AppDelegate.m */ = {isa = PBXFileReference; lastKnownFileType = sourcecode.c.objc; path = AppDelegate.m; sourceTree = "<group>"; };
		DE6634871CB21552009EE247 /* main.m */ = {isa = PBXFileReference; lastKnownFileType = sourcecode.c.objc; path = main.m; sourceTree = "<group>"; };
		DE6634891CB21552009EE247 /* Assets.xcassets */ = {isa = PBXFileReference; lastKnownFileType = folder.assetcatalog; path = Assets.xcassets; sourceTree = "<group>"; };
		DE66348C1CB21552009EE247 /* Base */ = {isa = PBXFileReference; lastKnownFileType = file.xib; name = Base; path = Base.lproj/MainMenu.xib; sourceTree = "<group>"; };
		DE66348E1CB21552009EE247 /* Info.plist */ = {isa = PBXFileReference; lastKnownFileType = text.plist.xml; path = Info.plist; sourceTree = "<group>"; };
		DE6634931CB21552009EE247 /* GhostSKB.xctest */ = {isa = PBXFileReference; explicitFileType = wrapper.cfbundle; includeInIndex = 0; path = GhostSKB.xctest; sourceTree = BUILT_PRODUCTS_DIR; };
		DE66349E1CB21552009EE247 /* GhostSKB.xctest */ = {isa = PBXFileReference; explicitFileType = wrapper.cfbundle; includeInIndex = 0; path = GhostSKB.xctest; sourceTree = BUILT_PRODUCTS_DIR; };
		DE7CE11E1D3A87360054EC41 /* setting.png */ = {isa = PBXFileReference; lastKnownFileType = image.png; name = setting.png; path = Resources/setting.png; sourceTree = "<group>"; };
		DE7CE1201D3A88780054EC41 /* quit.png */ = {isa = PBXFileReference; lastKnownFileType = image.png; name = quit.png; path = Resources/quit.png; sourceTree = "<group>"; };
		DE7CE1221D3A906A0054EC41 /* GHSettingWindowControler.h */ = {isa = PBXFileReference; fileEncoding = 4; lastKnownFileType = sourcecode.c.h; name = GHSettingWindowControler.h; path = Classes/GHSettingWindowControler.h; sourceTree = "<group>"; };
		DE7CE1231D3A906A0054EC41 /* GHSettingWindowControler.m */ = {isa = PBXFileReference; fileEncoding = 4; lastKnownFileType = sourcecode.c.objc; name = GHSettingWindowControler.m; path = Classes/GHSettingWindowControler.m; sourceTree = "<group>"; };
		DE7CE1271D3B094A0054EC41 /* arrow-right.png */ = {isa = PBXFileReference; lastKnownFileType = image.png; name = "arrow-right.png"; path = "Resources/arrow-right.png"; sourceTree = "<group>"; };
		DE8D10471F72862F00718AD0 /* ghost_dark_small.png */ = {isa = PBXFileReference; lastKnownFileType = image.png; name = ghost_dark_small.png; path = Resources/ghost_dark_small.png; sourceTree = "<group>"; };
		DE8D10481F72862F00718AD0 /* ghost_dark_small@2x.png */ = {isa = PBXFileReference; lastKnownFileType = image.png; name = "ghost_dark_small@2x.png"; path = "Resources/ghost_dark_small@2x.png"; sourceTree = "<group>"; };
		DE93983B20A194E200D56989 /* PreferencePanes.framework */ = {isa = PBXFileReference; lastKnownFileType = wrapper.framework; name = PreferencePanes.framework; path = System/Library/Frameworks/PreferencePanes.framework; sourceTree = SDKROOT; };
		DE93983D20A194EB00D56989 /* SystemConfiguration.framework */ = {isa = PBXFileReference; lastKnownFileType = wrapper.framework; name = SystemConfiguration.framework; path = System/Library/Frameworks/SystemConfiguration.framework; sourceTree = SDKROOT; };
		DE93983F20A1986000D56989 /* ApplicationServices.framework */ = {isa = PBXFileReference; lastKnownFileType = wrapper.framework; name = ApplicationServices.framework; path = System/Library/Frameworks/ApplicationServices.framework; sourceTree = SDKROOT; };
		DE93984120A28F3E00D56989 /* toolbaricon_profile.tif */ = {isa = PBXFileReference; lastKnownFileType = image.tiff; name = toolbaricon_profile.tif; path = Resources/toolbaricon_profile.tif; sourceTree = "<group>"; };
		DE93984220A28F3E00D56989 /* toolbaricon_sync.tif */ = {isa = PBXFileReference; lastKnownFileType = image.tiff; name = toolbaricon_sync.tif; path = Resources/toolbaricon_sync.tif; sourceTree = "<group>"; };
		DE93984320A28F3E00D56989 /* toolbaricon_about.tif */ = {isa = PBXFileReference; lastKnownFileType = image.tiff; name = toolbaricon_about.tif; path = Resources/toolbaricon_about.tif; sourceTree = "<group>"; };
		DE93984D20A294F000D56989 /* Storyboard.storyboard */ = {isa = PBXFileReference; fileEncoding = 4; lastKnownFileType = file.storyboard; path = Storyboard.storyboard; sourceTree = "<group>"; };
		DE93984F20A2D73700D56989 /* ja */ = {isa = PBXFileReference; lastKnownFileType = text.plist.strings; name = ja; path = GhostSKB/ja.lproj/Localizable.strings; sourceTree = "<group>"; };
		DE93985020A2D73700D56989 /* ja */ = {isa = PBXFileReference; lastKnownFileType = text.plist.strings; name = ja; path = ja.lproj/InfoPlist.strings; sourceTree = "<group>"; };
		DE93985520A2D75D00D56989 /* zh-Hant */ = {isa = PBXFileReference; lastKnownFileType = text.plist.strings; name = "zh-Hant"; path = "GhostSKB/zh-Hant.lproj/Localizable.strings"; sourceTree = "<group>"; };
		DE93985620A2D75D00D56989 /* zh-Hant */ = {isa = PBXFileReference; lastKnownFileType = text.plist.strings; name = "zh-Hant"; path = "zh-Hant.lproj/InfoPlist.strings"; sourceTree = "<group>"; };
		DE9E064E217C287A004A1A3F /* NSAttributedString+Hyperlink.h */ = {isa = PBXFileReference; lastKnownFileType = sourcecode.c.h; name = "NSAttributedString+Hyperlink.h"; path = "Classes/NSAttributedString+Hyperlink.h"; sourceTree = "<group>"; };
		DE9E064F217C287A004A1A3F /* NSAttributedString+Hyperlink.m */ = {isa = PBXFileReference; lastKnownFileType = sourcecode.c.objc; name = "NSAttributedString+Hyperlink.m"; path = "Classes/NSAttributedString+Hyperlink.m"; sourceTree = "<group>"; };
		DE9E0651217C2A55004A1A3F /* HyperLinkTextField.h */ = {isa = PBXFileReference; lastKnownFileType = sourcecode.c.h; name = HyperLinkTextField.h; path = Classes/HyperLinkTextField.h; sourceTree = "<group>"; };
		DE9E0652217C2A55004A1A3F /* HyperLinkTextField.m */ = {isa = PBXFileReference; lastKnownFileType = sourcecode.c.objc; name = HyperLinkTextField.m; path = Classes/HyperLinkTextField.m; sourceTree = "<group>"; };
		DEA777B4207C564A00D682D8 /* GHProfileCellView.h */ = {isa = PBXFileReference; lastKnownFileType = sourcecode.c.h; name = GHProfileCellView.h; path = Classes/GHProfileCellView.h; sourceTree = "<group>"; };
		DEA777B5207C564A00D682D8 /* GHProfileCellView.m */ = {isa = PBXFileReference; lastKnownFileType = sourcecode.c.objc; name = GHProfileCellView.m; path = Classes/GHProfileCellView.m; sourceTree = "<group>"; };
		DEA777B7207C566F00D682D8 /* GHProfileContentCellView.h */ = {isa = PBXFileReference; lastKnownFileType = sourcecode.c.h; name = GHProfileContentCellView.h; path = Classes/GHProfileContentCellView.h; sourceTree = "<group>"; };
		DEA777B8207C566F00D682D8 /* GHProfileContentCellView.m */ = {isa = PBXFileReference; lastKnownFileType = sourcecode.c.objc; name = GHProfileContentCellView.m; path = Classes/GHProfileContentCellView.m; sourceTree = "<group>"; };
		DEB19A9E20A96301000B7F0C /* InputMethodKit.framework */ = {isa = PBXFileReference; lastKnownFileType = wrapper.framework; name = InputMethodKit.framework; path = System/Library/Frameworks/InputMethodKit.framework; sourceTree = SDKROOT; };
		DEB19AA020A97088000B7F0C /* GHInputSourceManager.h */ = {isa = PBXFileReference; lastKnownFileType = sourcecode.c.h; name = GHInputSourceManager.h; path = Classes/GHInputSourceManager.h; sourceTree = "<group>"; };
		DEB19AA120A97088000B7F0C /* GHInputSourceManager.m */ = {isa = PBXFileReference; lastKnownFileType = sourcecode.c.objc; name = GHInputSourceManager.m; path = Classes/GHInputSourceManager.m; sourceTree = "<group>"; };
		DEB19AA320A97148000B7F0C /* GHInputSource.h */ = {isa = PBXFileReference; lastKnownFileType = sourcecode.c.h; name = GHInputSource.h; path = Classes/GHInputSource.h; sourceTree = "<group>"; };
		DEB19AA420A97148000B7F0C /* GHInputSource.m */ = {isa = PBXFileReference; lastKnownFileType = sourcecode.c.objc; name = GHInputSource.m; path = Classes/GHInputSource.m; sourceTree = "<group>"; };
		DEBE9D4D20A13C4000F6D055 /* cloud_download-512.png */ = {isa = PBXFileReference; lastKnownFileType = image.png; name = "cloud_download-512.png"; path = "Resources/cloud_download-512.png"; sourceTree = "<group>"; };
		DEBE9D4E20A13C4000F6D055 /* cloud_upload-128.png */ = {isa = PBXFileReference; lastKnownFileType = image.png; name = "cloud_upload-128.png"; path = "Resources/cloud_upload-128.png"; sourceTree = "<group>"; };
		DEBE9D4F20A13C4000F6D055 /* cloud_upload-256.png */ = {isa = PBXFileReference; lastKnownFileType = image.png; name = "cloud_upload-256.png"; path = "Resources/cloud_upload-256.png"; sourceTree = "<group>"; };
		DEBE9D5020A13C4000F6D055 /* cloud_download-128.png */ = {isa = PBXFileReference; lastKnownFileType = image.png; name = "cloud_download-128.png"; path = "Resources/cloud_download-128.png"; sourceTree = "<group>"; };
		DEBE9D5120A13C4000F6D055 /* cloud_upload-512.png */ = {isa = PBXFileReference; lastKnownFileType = image.png; name = "cloud_upload-512.png"; path = "Resources/cloud_upload-512.png"; sourceTree = "<group>"; };
		DEBE9D5220A13C4100F6D055 /* cloud_download-256.png */ = {isa = PBXFileReference; lastKnownFileType = image.png; name = "cloud_download-256.png"; path = "Resources/cloud_download-256.png"; sourceTree = "<group>"; };
		DEBE9D6C20A18A4800F6D055 /* icloud_drive-128.png */ = {isa = PBXFileReference; lastKnownFileType = image.png; name = "icloud_drive-128.png"; path = "Resources/icloud_drive-128.png"; sourceTree = "<group>"; };
		DEBE9D6D20A18A4800F6D055 /* icloud_drive-256.png */ = {isa = PBXFileReference; lastKnownFileType = image.png; name = "icloud_drive-256.png"; path = "Resources/icloud_drive-256.png"; sourceTree = "<group>"; };
		DEBE9D6E20A18A4800F6D055 /* icloud_drive-512.png */ = {isa = PBXFileReference; lastKnownFileType = image.png; name = "icloud_drive-512.png"; path = "Resources/icloud_drive-512.png"; sourceTree = "<group>"; };
		DEBF9F3D208B7ADA00B836DC /* GHKeybindingManager.h */ = {isa = PBXFileReference; lastKnownFileType = sourcecode.c.h; name = GHKeybindingManager.h; path = Classes/GHKeybindingManager.h; sourceTree = "<group>"; };
		DEBF9F3E208B7ADA00B836DC /* GHKeybindingManager.m */ = {isa = PBXFileReference; lastKnownFileType = sourcecode.c.objc; name = GHKeybindingManager.m; path = Classes/GHKeybindingManager.m; sourceTree = "<group>"; };
		DEBF9F42208F972300B836DC /* CloudKit.framework */ = {isa = PBXFileReference; lastKnownFileType = wrapper.framework; name = CloudKit.framework; path = System/Library/Frameworks/CloudKit.framework; sourceTree = SDKROOT; };
		DED170BA216EF431003E2F1D /* switch_scpt.txt */ = {isa = PBXFileReference; fileEncoding = 4; lastKnownFileType = text; path = switch_scpt.txt; sourceTree = "<group>"; };
		DEDE040A1F1B1D2D005F9D70 /* zh-Hans */ = {isa = PBXFileReference; lastKnownFileType = text.plist.strings; name = "zh-Hans"; path = "zh-Hans.lproj/InfoPlist.strings"; sourceTree = "<group>"; };
		DEDE040C1F1B1D2D005F9D70 /* zh-Hans */ = {isa = PBXFileReference; lastKnownFileType = text.plist.strings; name = "zh-Hans"; path = "zh-Hans.lproj/MainMenu.strings"; sourceTree = "<group>"; };
		DEE204FB207B42E6009627BB /* NSView+MyCategory.h */ = {isa = PBXFileReference; fileEncoding = 4; lastKnownFileType = sourcecode.c.h; name = "NSView+MyCategory.h"; path = "Classes/NSView+MyCategory.h"; sourceTree = "<group>"; };
		DEE204FC207B42E6009627BB /* NSColor+Extensions.m */ = {isa = PBXFileReference; fileEncoding = 4; lastKnownFileType = sourcecode.c.objc; name = "NSColor+Extensions.m"; path = "Classes/NSColor+Extensions.m"; sourceTree = "<group>"; };
		DEE204FD207B42E6009627BB /* NSColor+Extensions.h */ = {isa = PBXFileReference; fileEncoding = 4; lastKnownFileType = sourcecode.c.h; name = "NSColor+Extensions.h"; path = "Classes/NSColor+Extensions.h"; sourceTree = "<group>"; };
		DEE204FE207B42E6009627BB /* NSView+MyCategory.m */ = {isa = PBXFileReference; fileEncoding = 4; lastKnownFileType = sourcecode.c.objc; name = "NSView+MyCategory.m"; path = "Classes/NSView+MyCategory.m"; sourceTree = "<group>"; };
		DEEAE12F1D3363D6005893F5 /* Constant.h */ = {isa = PBXFileReference; fileEncoding = 4; lastKnownFileType = sourcecode.c.h; path = Constant.h; sourceTree = "<group>"; };
		DEEAE1311D3364B6005893F5 /* ghost_white_small.png */ = {isa = PBXFileReference; lastKnownFileType = image.png; name = ghost_white_small.png; path = Resources/ghost_white_small.png; sourceTree = "<group>"; };
/* End PBXFileReference section */

/* Begin PBXFrameworksBuildPhase section */
		DE66347D1CB21552009EE247 /* Frameworks */ = {
			isa = PBXFrameworksBuildPhase;
			buildActionMask = 2147483647;
			files = (
				DE93984020A1986000D56989 /* ApplicationServices.framework in Frameworks */,
				DE166F852087AF6900E3FA71 /* ShortcutRecorder.framework in Frameworks */,
				DE166F8F2087B58A00E3FA71 /* ShortcutRecorder.framework in Frameworks */,
				DE166F862087AF6900E3FA71 /* PTHotKey.framework in Frameworks */,
				DEBF9F43208F972300B836DC /* CloudKit.framework in Frameworks */,
				DE166F8C2087B58700E3FA71 /* PTHotKey.framework in Frameworks */,
			);
			runOnlyForDeploymentPostprocessing = 0;
		};
		DE6634901CB21552009EE247 /* Frameworks */ = {
			isa = PBXFrameworksBuildPhase;
			buildActionMask = 2147483647;
			files = (
			);
			runOnlyForDeploymentPostprocessing = 0;
		};
		DE66349B1CB21552009EE247 /* Frameworks */ = {
			isa = PBXFrameworksBuildPhase;
			buildActionMask = 2147483647;
			files = (
			);
			runOnlyForDeploymentPostprocessing = 0;
		};
/* End PBXFrameworksBuildPhase section */

/* Begin PBXGroup section */
		DE166F802087A1FF00E3FA71 /* Headers */ = {
			isa = PBXGroup;
			children = (
				DE5951F2208880350004D663 /* GHAdvanceInputIdCellView.h */,
				DE5951F5208880550004D663 /* GHAdvanceInputShortcutCellView.h */,
				DE1B71BC1D2C082F00A85EE0 /* GHInputAddDefaultCellView.h */,
				DE1B71BE1D2C082F00A85EE0 /* GHInputDefaultCellView.h */,
				DEA777B4207C564A00D682D8 /* GHProfileCellView.h */,
				DEA777B7207C566F00D682D8 /* GHProfileContentCellView.h */,
			);
			name = Headers;
			sourceTree = "<group>";
		};
		DE166F812087A23100E3FA71 /* Headers */ = {
			isa = PBXGroup;
			children = (
				DEB19AA320A97148000B7F0C /* GHInputSource.h */,
				DEB19AA020A97088000B7F0C /* GHInputSourceManager.h */,
				DE29674C216C937000936D8D /* GHInstallViewController.h */,
				DEBF9F3D208B7ADA00B836DC /* GHKeybindingManager.h */,
				DE166F912087B8A200E3FA71 /* GHAdvanceViewController.h */,
				DE40A1F82084443600C1DEE0 /* GHProfilesTableView.h */,
				DE40A1D52080D4FA00C1DEE0 /* GHProfileTextField.h */,
				DE166F7D207E55C200E3FA71 /* SyncButton.h */,
				DE7CE1221D3A906A0054EC41 /* GHSettingWindowControler.h */,
				DE396979207B020C00376496 /* GHSettingTabViewController.h */,
				DE396982207B064400376496 /* GHProfileViewController.h */,
				DEEAE12F1D3363D6005893F5 /* Constant.h */,
				DE40A20420849EC800C1DEE0 /* GHSyncViewController.h */,
				DE39697F207B061C00376496 /* GHInfoViewController.h */,
				DE1B71C41D2C082F00A85EE0 /* GHDefaultInfo.h */,
				DE1B71C61D2C082F00A85EE0 /* GHDefaultManager.h */,
			);
			name = Headers;
			sourceTree = "<group>";
		};
		DE166F822087AF6900E3FA71 /* Frameworks */ = {
			isa = PBXGroup;
			children = (
				DE456C762171C9BB003D69BF /* AppKit.framework */,
				DEB19A9E20A96301000B7F0C /* InputMethodKit.framework */,
				DE93983F20A1986000D56989 /* ApplicationServices.framework */,
				DE93983D20A194EB00D56989 /* SystemConfiguration.framework */,
				DE93983B20A194E200D56989 /* PreferencePanes.framework */,
				DEBF9F42208F972300B836DC /* CloudKit.framework */,
				DE166F94208A3CD700E3FA71 /* AppKit.framework */,
				DE166F842087AF6900E3FA71 /* PTHotKey.framework */,
				DE166F832087AF6900E3FA71 /* ShortcutRecorder.framework */,
			);
			name = Frameworks;
			sourceTree = "<group>";
		};
		DE18E27E208DD4B0002E1E08 /* Libs */ = {
			isa = PBXGroup;
			children = (
				DE18E27B208DD4A6002E1E08 /* MBProgressHUD.h */,
				DE18E27C208DD4A7002E1E08 /* MBProgressHUD.m */,
			);
			path = Libs;
			sourceTree = "<group>";
		};
		DE1B71BA1D2C082300A85EE0 /* Resources */ = {
			isa = PBXGroup;
			children = (
				DE93984320A28F3E00D56989 /* toolbaricon_about.tif */,
				DE456C7721730DF5003D69BF /* toolbaricon_install.tif */,
				DE93984120A28F3E00D56989 /* toolbaricon_profile.tif */,
				DE93984220A28F3E00D56989 /* toolbaricon_sync.tif */,
				DEBE9D6C20A18A4800F6D055 /* icloud_drive-128.png */,
				DEBE9D6D20A18A4800F6D055 /* icloud_drive-256.png */,
				DEBE9D6E20A18A4800F6D055 /* icloud_drive-512.png */,
				DEBE9D5020A13C4000F6D055 /* cloud_download-128.png */,
				DEBE9D5220A13C4100F6D055 /* cloud_download-256.png */,
				DEBE9D4D20A13C4000F6D055 /* cloud_download-512.png */,
				DEBE9D4E20A13C4000F6D055 /* cloud_upload-128.png */,
				DEBE9D4F20A13C4000F6D055 /* cloud_upload-256.png */,
				DEBE9D5120A13C4000F6D055 /* cloud_upload-512.png */,
				DE8D10471F72862F00718AD0 /* ghost_dark_small.png */,
				DE8D10481F72862F00718AD0 /* ghost_dark_small@2x.png */,
				DE7CE1271D3B094A0054EC41 /* arrow-right.png */,
				DE7CE1201D3A88780054EC41 /* quit.png */,
				DE7CE11E1D3A87360054EC41 /* setting.png */,
				DEEAE1311D3364B6005893F5 /* ghost_white_small.png */,
				DE1B71A61D2C081B00A85EE0 /* info.png */,
				DE1B71A71D2C081B00A85EE0 /* ghostkbd-16.png */,
				DE1B71A81D2C081B00A85EE0 /* ghostkbd-32.png */,
				DE5EC3741D31DCAF00B51843 /* ghostkbd-64.png */,
				DE1B71A91D2C081B00A85EE0 /* ghostkbd-128.png */,
				DE1B71AA1D2C081B00A85EE0 /* ghostkbd-256.png */,
				DE1B71AB1D2C081B00A85EE0 /* ghostkbd-512.png */,
				DE5EC3761D31DDC200B51843 /* ghostkbd-1024.png */,
			);
			name = Resources;
			sourceTree = "<group>";
		};
		DE456C742171C99F003D69BF /* Sources */ = {
			isa = PBXGroup;
			children = (
				DE40A1F92084443600C1DEE0 /* GHProfilesTableView.m */,
				DE40A1D62080D4FA00C1DEE0 /* GHProfileTextField.m */,
				DE166F7E207E55C200E3FA71 /* SyncButton.m */,
				DE7CE1231D3A906A0054EC41 /* GHSettingWindowControler.m */,
				DE39697A207B020C00376496 /* GHSettingTabViewController.m */,
				DE396983207B064400376496 /* GHProfileViewController.m */,
				DE166F922087B8A200E3FA71 /* GHAdvanceViewController.m */,
				DE40A20520849EC800C1DEE0 /* GHSyncViewController.m */,
				DE396980207B061C00376496 /* GHInfoViewController.m */,
				DE29674D216C937000936D8D /* GHInstallViewController.m */,
				DE1B71C51D2C082F00A85EE0 /* GHDefaultInfo.m */,
				DE1B71BB1D2C082F00A85EE0 /* GHDefaultManager.m */,
				DEBF9F3E208B7ADA00B836DC /* GHKeybindingManager.m */,
				DEB19AA120A97088000B7F0C /* GHInputSourceManager.m */,
				DEB19AA420A97148000B7F0C /* GHInputSource.m */,
				DE9E0651217C2A55004A1A3F /* HyperLinkTextField.h */,
				DE9E0652217C2A55004A1A3F /* HyperLinkTextField.m */,
			);
			name = Sources;
			sourceTree = "<group>";
		};
		DE6634771CB21551009EE247 = {
			isa = PBXGroup;
			children = (
				DE18E27E208DD4B0002E1E08 /* Libs */,
				DE166F812087A23100E3FA71 /* Headers */,
				DEA777B3207C561200D682D8 /* TableCellViews */,
				DEE20504207B85F3009627BB /* Categories */,
				DE456C742171C99F003D69BF /* Sources */,
				DE1B71BA1D2C082300A85EE0 /* Resources */,
				DE6634821CB21552009EE247 /* GhostSKB */,
				DE6634811CB21552009EE247 /* Products */,
				DE166F822087AF6900E3FA71 /* Frameworks */,
			);
			sourceTree = "<group>";
		};
		DE6634811CB21552009EE247 /* Products */ = {
			isa = PBXGroup;
			children = (
				DE6634801CB21552009EE247 /* GhostSKB.app */,
				DE6634931CB21552009EE247 /* GhostSKB.xctest */,
				DE66349E1CB21552009EE247 /* GhostSKB.xctest */,
			);
			name = Products;
			sourceTree = "<group>";
		};
		DE6634821CB21552009EE247 /* GhostSKB */ = {
			isa = PBXGroup;
			children = (
				DE25403D1F141DA50093EEB2 /* Localizable.strings */,
				DE93984D20A294F000D56989 /* Storyboard.storyboard */,
				DED170BA216EF431003E2F1D /* switch_scpt.txt */,
				DEDE040B1F1B1D2D005F9D70 /* InfoPlist.strings */,
				DE53E5181D375BC2003D6E72 /* GhostSKB.entitlements */,
				DE6634831CB21552009EE247 /* AppDelegate.h */,
				DE6634841CB21552009EE247 /* AppDelegate.m */,
				DE6634891CB21552009EE247 /* Assets.xcassets */,
				DE66348B1CB21552009EE247 /* MainMenu.xib */,
				DE66348E1CB21552009EE247 /* Info.plist */,
				DE6634861CB21552009EE247 /* Supporting Files */,
			);
			path = GhostSKB;
			sourceTree = "<group>";
		};
		DE6634861CB21552009EE247 /* Supporting Files */ = {
			isa = PBXGroup;
			children = (
				DE6634871CB21552009EE247 /* main.m */,
			);
			name = "Supporting Files";
			sourceTree = "<group>";
		};
		DEA777B3207C561200D682D8 /* TableCellViews */ = {
			isa = PBXGroup;
			children = (
				DE166F802087A1FF00E3FA71 /* Headers */,
				DE1B71BD1D2C082F00A85EE0 /* GHInputAddDefaultCellView.m */,
				DE1B71BF1D2C082F00A85EE0 /* GHInputDefaultCellView.m */,
				DEA777B5207C564A00D682D8 /* GHProfileCellView.m */,
				DEA777B8207C566F00D682D8 /* GHProfileContentCellView.m */,
				DE5951F3208880350004D663 /* GHAdvanceInputIdCellView.m */,
				DE5951F6208880550004D663 /* GHAdvanceInputShortcutCellView.m */,
			);
			name = TableCellViews;
			sourceTree = "<group>";
		};
		DEE20504207B85F3009627BB /* Categories */ = {
			isa = PBXGroup;
			children = (
				DEE204FD207B42E6009627BB /* NSColor+Extensions.h */,
				DEE204FC207B42E6009627BB /* NSColor+Extensions.m */,
				DEE204FB207B42E6009627BB /* NSView+MyCategory.h */,
				DEE204FE207B42E6009627BB /* NSView+MyCategory.m */,
				DE9E064E217C287A004A1A3F /* NSAttributedString+Hyperlink.h */,
				DE9E064F217C287A004A1A3F /* NSAttributedString+Hyperlink.m */,
			);
			name = Categories;
			sourceTree = "<group>";
		};
/* End PBXGroup section */

/* Begin PBXNativeTarget section */
		DE66347F1CB21552009EE247 /* GhostSKB */ = {
			isa = PBXNativeTarget;
			buildConfigurationList = DE6634A71CB21552009EE247 /* Build configuration list for PBXNativeTarget "GhostSKB" */;
			buildPhases = (
				DE66347C1CB21552009EE247 /* Sources */,
				DE66347D1CB21552009EE247 /* Frameworks */,
				DE66347E1CB21552009EE247 /* Resources */,
				DE166F8E2087B58800E3FA71 /* Embed Frameworks */,
			);
			buildRules = (
			);
			dependencies = (
			);
			name = GhostSKB;
			productName = GhostSKB;
			productReference = DE6634801CB21552009EE247 /* GhostSKB.app */;
			productType = "com.apple.product-type.application";
		};
		DE6634921CB21552009EE247 /* GhostSKBTests */ = {
			isa = PBXNativeTarget;
			buildConfigurationList = DE6634AA1CB21552009EE247 /* Build configuration list for PBXNativeTarget "GhostSKBTests" */;
			buildPhases = (
				DE66348F1CB21552009EE247 /* Sources */,
				DE6634901CB21552009EE247 /* Frameworks */,
				DE6634911CB21552009EE247 /* Resources */,
			);
			buildRules = (
			);
			dependencies = (
				DE6634951CB21552009EE247 /* PBXTargetDependency */,
			);
			name = GhostSKBTests;
			productName = GhostSKBTests;
			productReference = DE6634931CB21552009EE247 /* GhostSKB.xctest */;
			productType = "com.apple.product-type.bundle.unit-test";
		};
		DE66349D1CB21552009EE247 /* GhostSKBUITests */ = {
			isa = PBXNativeTarget;
			buildConfigurationList = DE6634AD1CB21552009EE247 /* Build configuration list for PBXNativeTarget "GhostSKBUITests" */;
			buildPhases = (
				DE66349A1CB21552009EE247 /* Sources */,
				DE66349B1CB21552009EE247 /* Frameworks */,
				DE66349C1CB21552009EE247 /* Resources */,
			);
			buildRules = (
			);
			dependencies = (
				DE6634A01CB21552009EE247 /* PBXTargetDependency */,
			);
			name = GhostSKBUITests;
			productName = GhostSKBUITests;
			productReference = DE66349E1CB21552009EE247 /* GhostSKB.xctest */;
			productType = "com.apple.product-type.bundle.ui-testing";
		};
/* End PBXNativeTarget section */

/* Begin PBXProject section */
		DE6634781CB21551009EE247 /* Project object */ = {
			isa = PBXProject;
			attributes = {
				LastUpgradeCheck = 0930;
				ORGANIZATIONNAME = "丁明信";
				TargetAttributes = {
					DE66347F1CB21552009EE247 = {
						CreatedOnToolsVersion = 7.1;
						DevelopmentTeam = V6P6ZB26T6;
						SystemCapabilities = {
							com.apple.Push = {
								enabled = 1;
							};
							com.apple.Sandbox = {
								enabled = 1;
							};
							com.apple.iCloud = {
								enabled = 1;
							};
						};
					};
					DE6634921CB21552009EE247 = {
						CreatedOnToolsVersion = 7.1;
						TestTargetID = DE66347F1CB21552009EE247;
					};
					DE66349D1CB21552009EE247 = {
						CreatedOnToolsVersion = 7.1;
						TestTargetID = DE66347F1CB21552009EE247;
					};
				};
			};
			buildConfigurationList = DE66347B1CB21551009EE247 /* Build configuration list for PBXProject "GhostSKB" */;
			compatibilityVersion = "Xcode 3.2";
			developmentRegion = English;
			hasScannedForEncodings = 0;
			knownRegions = (
				en,
				Base,
				"zh-Hans",
				ja,
				"zh-Hant",
			);
			mainGroup = DE6634771CB21551009EE247;
			productRefGroup = DE6634811CB21552009EE247 /* Products */;
			projectDirPath = "";
			projectRoot = "";
			targets = (
				DE66347F1CB21552009EE247 /* GhostSKB */,
				DE6634921CB21552009EE247 /* GhostSKBTests */,
				DE66349D1CB21552009EE247 /* GhostSKBUITests */,
			);
		};
/* End PBXProject section */

/* Begin PBXResourcesBuildPhase section */
		DE66347E1CB21552009EE247 /* Resources */ = {
			isa = PBXResourcesBuildPhase;
			buildActionMask = 2147483647;
			files = (
				DEBE9D5320A13C4100F6D055 /* cloud_download-512.png in Resources */,
				DE93984620A28F3E00D56989 /* toolbaricon_about.tif in Resources */,
				DE1B71B61D2C081B00A85EE0 /* ghostkbd-512.png in Resources */,
				DEBE9D5720A13C4100F6D055 /* cloud_upload-512.png in Resources */,
				DE1B71B21D2C081B00A85EE0 /* ghostkbd-16.png in Resources */,
				DE7CE1211D3A88780054EC41 /* quit.png in Resources */,
				DE93984420A28F3E00D56989 /* toolbaricon_profile.tif in Resources */,
				DEBE9D5820A13C4100F6D055 /* cloud_download-256.png in Resources */,
				DEBE9D5620A13C4100F6D055 /* cloud_download-128.png in Resources */,
				DE1B71B41D2C081B00A85EE0 /* ghostkbd-128.png in Resources */,
				DEBE9D7020A18A4900F6D055 /* icloud_drive-256.png in Resources */,
				DE93984520A28F3E00D56989 /* toolbaricon_sync.tif in Resources */,
				DEBE9D7120A18A4900F6D055 /* icloud_drive-512.png in Resources */,
				DEBE9D6F20A18A4900F6D055 /* icloud_drive-128.png in Resources */,
				DE5EC3751D31DCAF00B51843 /* ghostkbd-64.png in Resources */,
				DE8D104A1F72862F00718AD0 /* ghost_dark_small@2x.png in Resources */,
				DE1B71B11D2C081B00A85EE0 /* info.png in Resources */,
				DEEAE1331D3364B6005893F5 /* ghost_white_small.png in Resources */,
				DE66348A1CB21552009EE247 /* Assets.xcassets in Resources */,
				DEDE04091F1B1D2D005F9D70 /* InfoPlist.strings in Resources */,
				DED170BB216EF431003E2F1D /* switch_scpt.txt in Resources */,
				DE5EC3771D31DDC200B51843 /* ghostkbd-1024.png in Resources */,
				DE7CE11F1D3A87360054EC41 /* setting.png in Resources */,
				DE25403F1F141DA50093EEB2 /* Localizable.strings in Resources */,
				DEBE9D5420A13C4100F6D055 /* cloud_upload-128.png in Resources */,
				DE1B71B31D2C081B00A85EE0 /* ghostkbd-32.png in Resources */,
				DEBE9D5520A13C4100F6D055 /* cloud_upload-256.png in Resources */,
				DE93984E20A294F100D56989 /* Storyboard.storyboard in Resources */,
				DE1B71B51D2C081B00A85EE0 /* ghostkbd-256.png in Resources */,
				DE7CE1281D3B094A0054EC41 /* arrow-right.png in Resources */,
				DE8D10491F72862F00718AD0 /* ghost_dark_small.png in Resources */,
				DE456C7821730DF5003D69BF /* toolbaricon_install.tif in Resources */,
				DE66348D1CB21552009EE247 /* MainMenu.xib in Resources */,
			);
			runOnlyForDeploymentPostprocessing = 0;
		};
		DE6634911CB21552009EE247 /* Resources */ = {
			isa = PBXResourcesBuildPhase;
			buildActionMask = 2147483647;
			files = (
			);
			runOnlyForDeploymentPostprocessing = 0;
		};
		DE66349C1CB21552009EE247 /* Resources */ = {
			isa = PBXResourcesBuildPhase;
			buildActionMask = 2147483647;
			files = (
			);
			runOnlyForDeploymentPostprocessing = 0;
		};
/* End PBXResourcesBuildPhase section */

/* Begin PBXSourcesBuildPhase section */
		DE66347C1CB21552009EE247 /* Sources */ = {
			isa = PBXSourcesBuildPhase;
			buildActionMask = 2147483647;
			files = (
				DE166F7F207E55C200E3FA71 /* SyncButton.m in Sources */,
				DE1B71CC1D2C082F00A85EE0 /* GHDefaultInfo.m in Sources */,
				DE18E27D208DD4A7002E1E08 /* MBProgressHUD.m in Sources */,
				DE29674E216C937000936D8D /* GHInstallViewController.m in Sources */,
				DEE20500207B42E6009627BB /* NSView+MyCategory.m in Sources */,
				DE39697B207B020C00376496 /* GHSettingTabViewController.m in Sources */,
				DE6634881CB21552009EE247 /* main.m in Sources */,
				DE1B71C71D2C082F00A85EE0 /* GHDefaultManager.m in Sources */,
				DE1B71C91D2C082F00A85EE0 /* GHInputDefaultCellView.m in Sources */,
				DE7CE1251D3A906A0054EC41 /* GHSettingWindowControler.m in Sources */,
				DE9E0653217C2A55004A1A3F /* HyperLinkTextField.m in Sources */,
				DE40A1FA2084443600C1DEE0 /* GHProfilesTableView.m in Sources */,
				DEE204FF207B42E6009627BB /* NSColor+Extensions.m in Sources */,
				DE396984207B064500376496 /* GHProfileViewController.m in Sources */,
				DEB19AA220A97088000B7F0C /* GHInputSourceManager.m in Sources */,
				DE40A1D72080D4FA00C1DEE0 /* GHProfileTextField.m in Sources */,
				DE166F932087B8A200E3FA71 /* GHAdvanceViewController.m in Sources */,
				DEA777B9207C566F00D682D8 /* GHProfileContentCellView.m in Sources */,
				DE1B71C81D2C082F00A85EE0 /* GHInputAddDefaultCellView.m in Sources */,
				DE40A20620849EC800C1DEE0 /* GHSyncViewController.m in Sources */,
				DEBF9F3F208B7ADA00B836DC /* GHKeybindingManager.m in Sources */,
				DE6634851CB21552009EE247 /* AppDelegate.m in Sources */,
				DE5951F7208880550004D663 /* GHAdvanceInputShortcutCellView.m in Sources */,
				DE9E0650217C287A004A1A3F /* NSAttributedString+Hyperlink.m in Sources */,
				DEA777B6207C564A00D682D8 /* GHProfileCellView.m in Sources */,
				DEB19AA520A97148000B7F0C /* GHInputSource.m in Sources */,
				DE5951F4208880350004D663 /* GHAdvanceInputIdCellView.m in Sources */,
				DE396981207B061C00376496 /* GHInfoViewController.m in Sources */,
			);
			runOnlyForDeploymentPostprocessing = 0;
		};
		DE66348F1CB21552009EE247 /* Sources */ = {
			isa = PBXSourcesBuildPhase;
			buildActionMask = 2147483647;
			files = (
			);
			runOnlyForDeploymentPostprocessing = 0;
		};
		DE66349A1CB21552009EE247 /* Sources */ = {
			isa = PBXSourcesBuildPhase;
			buildActionMask = 2147483647;
			files = (
			);
			runOnlyForDeploymentPostprocessing = 0;
		};
/* End PBXSourcesBuildPhase section */

/* Begin PBXTargetDependency section */
		DE6634951CB21552009EE247 /* PBXTargetDependency */ = {
			isa = PBXTargetDependency;
			target = DE66347F1CB21552009EE247 /* GhostSKB */;
			targetProxy = DE6634941CB21552009EE247 /* PBXContainerItemProxy */;
		};
		DE6634A01CB21552009EE247 /* PBXTargetDependency */ = {
			isa = PBXTargetDependency;
			target = DE66347F1CB21552009EE247 /* GhostSKB */;
			targetProxy = DE66349F1CB21552009EE247 /* PBXContainerItemProxy */;
		};
/* End PBXTargetDependency section */

/* Begin PBXVariantGroup section */
		DE25403D1F141DA50093EEB2 /* Localizable.strings */ = {
			isa = PBXVariantGroup;
			children = (
				DE25403E1F141DA50093EEB2 /* en */,
				DE2540401F141DD70093EEB2 /* zh-Hans */,
				DE93984F20A2D73700D56989 /* ja */,
				DE93985520A2D75D00D56989 /* zh-Hant */,
			);
			name = Localizable.strings;
			sourceTree = "<group>";
		};
		DE66348B1CB21552009EE247 /* MainMenu.xib */ = {
			isa = PBXVariantGroup;
			children = (
				DE66348C1CB21552009EE247 /* Base */,
				DEDE040C1F1B1D2D005F9D70 /* zh-Hans */,
			);
			name = MainMenu.xib;
			sourceTree = "<group>";
		};
		DEDE040B1F1B1D2D005F9D70 /* InfoPlist.strings */ = {
			isa = PBXVariantGroup;
			children = (
				DEDE040A1F1B1D2D005F9D70 /* zh-Hans */,
				DE93985020A2D73700D56989 /* ja */,
				DE93985620A2D75D00D56989 /* zh-Hant */,
			);
			name = InfoPlist.strings;
			sourceTree = "<group>";
		};
/* End PBXVariantGroup section */

/* Begin XCBuildConfiguration section */
		DE6634A51CB21552009EE247 /* Debug */ = {
			isa = XCBuildConfiguration;
			buildSettings = {
				ALWAYS_SEARCH_USER_PATHS = NO;
				CLANG_ANALYZER_LOCALIZABILITY_NONLOCALIZED = YES;
				CLANG_CXX_LANGUAGE_STANDARD = "gnu++0x";
				CLANG_CXX_LIBRARY = "libc++";
				CLANG_ENABLE_MODULES = YES;
				CLANG_ENABLE_OBJC_ARC = YES;
				CLANG_WARN_BLOCK_CAPTURE_AUTORELEASING = YES;
				CLANG_WARN_BOOL_CONVERSION = YES;
				CLANG_WARN_COMMA = YES;
				CLANG_WARN_CONSTANT_CONVERSION = YES;
				CLANG_WARN_DEPRECATED_OBJC_IMPLEMENTATIONS = YES;
				CLANG_WARN_DIRECT_OBJC_ISA_USAGE = YES_ERROR;
				CLANG_WARN_EMPTY_BODY = YES;
				CLANG_WARN_ENUM_CONVERSION = YES;
				CLANG_WARN_INFINITE_RECURSION = YES;
				CLANG_WARN_INT_CONVERSION = YES;
				CLANG_WARN_NON_LITERAL_NULL_CONVERSION = YES;
				CLANG_WARN_OBJC_IMPLICIT_RETAIN_SELF = YES;
				CLANG_WARN_OBJC_LITERAL_CONVERSION = YES;
				CLANG_WARN_OBJC_ROOT_CLASS = YES_ERROR;
				CLANG_WARN_RANGE_LOOP_ANALYSIS = YES;
				CLANG_WARN_STRICT_PROTOTYPES = YES;
				CLANG_WARN_SUSPICIOUS_MOVE = YES;
				CLANG_WARN_UNREACHABLE_CODE = YES;
				CLANG_WARN__DUPLICATE_METHOD_MATCH = YES;
				CODE_SIGN_IDENTITY = "-";
				COPY_PHASE_STRIP = NO;
				DEBUG_INFORMATION_FORMAT = dwarf;
				ENABLE_STRICT_OBJC_MSGSEND = YES;
				ENABLE_TESTABILITY = YES;
				GCC_C_LANGUAGE_STANDARD = gnu99;
				GCC_DYNAMIC_NO_PIC = NO;
				GCC_NO_COMMON_BLOCKS = YES;
				GCC_OPTIMIZATION_LEVEL = 0;
				GCC_PREPROCESSOR_DEFINITIONS = (
					"DEBUG=1",
					"$(inherited)",
				);
				GCC_WARN_64_TO_32_BIT_CONVERSION = YES;
				GCC_WARN_ABOUT_RETURN_TYPE = YES_ERROR;
				GCC_WARN_UNDECLARED_SELECTOR = YES;
				GCC_WARN_UNINITIALIZED_AUTOS = YES_AGGRESSIVE;
				GCC_WARN_UNUSED_FUNCTION = YES;
				GCC_WARN_UNUSED_VARIABLE = YES;
				MACOSX_DEPLOYMENT_TARGET = 10.10;
				MTL_ENABLE_DEBUG_INFO = YES;
				ONLY_ACTIVE_ARCH = YES;
				SDKROOT = macosx;
			};
			name = Debug;
		};
		DE6634A61CB21552009EE247 /* Release */ = {
			isa = XCBuildConfiguration;
			buildSettings = {
				ALWAYS_SEARCH_USER_PATHS = NO;
				CLANG_ANALYZER_LOCALIZABILITY_NONLOCALIZED = YES;
				CLANG_CXX_LANGUAGE_STANDARD = "gnu++0x";
				CLANG_CXX_LIBRARY = "libc++";
				CLANG_ENABLE_MODULES = YES;
				CLANG_ENABLE_OBJC_ARC = YES;
				CLANG_WARN_BLOCK_CAPTURE_AUTORELEASING = YES;
				CLANG_WARN_BOOL_CONVERSION = YES;
				CLANG_WARN_COMMA = YES;
				CLANG_WARN_CONSTANT_CONVERSION = YES;
				CLANG_WARN_DEPRECATED_OBJC_IMPLEMENTATIONS = YES;
				CLANG_WARN_DIRECT_OBJC_ISA_USAGE = YES_ERROR;
				CLANG_WARN_EMPTY_BODY = YES;
				CLANG_WARN_ENUM_CONVERSION = YES;
				CLANG_WARN_INFINITE_RECURSION = YES;
				CLANG_WARN_INT_CONVERSION = YES;
				CLANG_WARN_NON_LITERAL_NULL_CONVERSION = YES;
				CLANG_WARN_OBJC_IMPLICIT_RETAIN_SELF = YES;
				CLANG_WARN_OBJC_LITERAL_CONVERSION = YES;
				CLANG_WARN_OBJC_ROOT_CLASS = YES_ERROR;
				CLANG_WARN_RANGE_LOOP_ANALYSIS = YES;
				CLANG_WARN_STRICT_PROTOTYPES = YES;
				CLANG_WARN_SUSPICIOUS_MOVE = YES;
				CLANG_WARN_UNREACHABLE_CODE = YES;
				CLANG_WARN__DUPLICATE_METHOD_MATCH = YES;
				CODE_SIGN_IDENTITY = "-";
				COPY_PHASE_STRIP = NO;
				DEBUG_INFORMATION_FORMAT = "dwarf-with-dsym";
				ENABLE_NS_ASSERTIONS = NO;
				ENABLE_STRICT_OBJC_MSGSEND = YES;
				GCC_C_LANGUAGE_STANDARD = gnu99;
				GCC_NO_COMMON_BLOCKS = YES;
				GCC_WARN_64_TO_32_BIT_CONVERSION = YES;
				GCC_WARN_ABOUT_RETURN_TYPE = YES_ERROR;
				GCC_WARN_UNDECLARED_SELECTOR = YES;
				GCC_WARN_UNINITIALIZED_AUTOS = YES_AGGRESSIVE;
				GCC_WARN_UNUSED_FUNCTION = YES;
				GCC_WARN_UNUSED_VARIABLE = YES;
				MACOSX_DEPLOYMENT_TARGET = 10.10;
				MTL_ENABLE_DEBUG_INFO = NO;
				SDKROOT = macosx;
			};
			name = Release;
		};
		DE6634A81CB21552009EE247 /* Debug */ = {
			isa = XCBuildConfiguration;
			buildSettings = {
				ASSETCATALOG_COMPILER_APPICON_NAME = AppIcon;
				CODE_SIGN_ENTITLEMENTS = GhostSKB/GhostSKB.entitlements;
				CODE_SIGN_IDENTITY = "Mac Developer";
				"CODE_SIGN_IDENTITY[sdk=macosx*]" = "Mac Developer";
				COMBINE_HIDPI_IMAGES = YES;
				DEVELOPMENT_TEAM = V6P6ZB26T6;
				FRAMEWORK_SEARCH_PATHS = (
					"$(inherited)",
					"$(PROJECT_DIR)/Frameworks",
					"$(PROJECT_DIR)",
				);
				INFOPLIST_FILE = GhostSKB/Info.plist;
				LD_RUNPATH_SEARCH_PATHS = "$(inherited) @executable_path/../Frameworks";
				MACOSX_DEPLOYMENT_TARGET = 10.10;
				PRODUCT_BUNDLE_IDENTIFIER = com.dmx.GhostSKB;
				PRODUCT_NAME = GhostSKB;
				PROVISIONING_PROFILE = "";
			};
			name = Debug;
		};
		DE6634A91CB21552009EE247 /* Release */ = {
			isa = XCBuildConfiguration;
			buildSettings = {
				ASSETCATALOG_COMPILER_APPICON_NAME = AppIcon;
				CODE_SIGN_ENTITLEMENTS = GhostSKB/GhostSKB.entitlements;
				CODE_SIGN_IDENTITY = "Mac Developer";
				"CODE_SIGN_IDENTITY[sdk=macosx*]" = "Mac Developer";
				COMBINE_HIDPI_IMAGES = YES;
				DEVELOPMENT_TEAM = V6P6ZB26T6;
				FRAMEWORK_SEARCH_PATHS = (
					"$(inherited)",
					"$(PROJECT_DIR)/Frameworks",
					"$(PROJECT_DIR)",
				);
				INFOPLIST_FILE = GhostSKB/Info.plist;
				LD_RUNPATH_SEARCH_PATHS = "$(inherited) @executable_path/../Frameworks";
				MACOSX_DEPLOYMENT_TARGET = 10.10;
				PRODUCT_BUNDLE_IDENTIFIER = com.dmx.GhostSKB;
				PRODUCT_NAME = GhostSKB;
				PROVISIONING_PROFILE = "";
			};
			name = Release;
		};
		DE6634AB1CB21552009EE247 /* Debug */ = {
			isa = XCBuildConfiguration;
			buildSettings = {
				BUNDLE_LOADER = "$(TEST_HOST)";
				COMBINE_HIDPI_IMAGES = YES;
				INFOPLIST_FILE = GhostSKBTests/Info.plist;
				LD_RUNPATH_SEARCH_PATHS = "$(inherited) @executable_path/../Frameworks @loader_path/../Frameworks";
				PRODUCT_BUNDLE_IDENTIFIER = com.dmx.dmx.GhostSKBTests;
				PRODUCT_NAME = GhostSKB;
				TEST_HOST = "$(BUILT_PRODUCTS_DIR)/GhostSKB.app/Contents/MacOS/GhostSKB";
			};
			name = Debug;
		};
		DE6634AC1CB21552009EE247 /* Release */ = {
			isa = XCBuildConfiguration;
			buildSettings = {
				BUNDLE_LOADER = "$(TEST_HOST)";
				COMBINE_HIDPI_IMAGES = YES;
				INFOPLIST_FILE = GhostSKBTests/Info.plist;
				LD_RUNPATH_SEARCH_PATHS = "$(inherited) @executable_path/../Frameworks @loader_path/../Frameworks";
				PRODUCT_BUNDLE_IDENTIFIER = com.dmx.dmx.GhostSKBTests;
				PRODUCT_NAME = GhostSKB;
				TEST_HOST = "$(BUILT_PRODUCTS_DIR)/GhostSKB.app/Contents/MacOS/GhostSKB";
			};
			name = Release;
		};
		DE6634AE1CB21552009EE247 /* Debug */ = {
			isa = XCBuildConfiguration;
			buildSettings = {
				COMBINE_HIDPI_IMAGES = YES;
				INFOPLIST_FILE = GhostSKBUITests/Info.plist;
				LD_RUNPATH_SEARCH_PATHS = "$(inherited) @executable_path/../Frameworks @loader_path/../Frameworks";
				PRODUCT_BUNDLE_IDENTIFIER = com.dmx.dmx.GhostSKBUITests;
				PRODUCT_NAME = GhostSKB;
				TEST_TARGET_NAME = GhostSKB;
				USES_XCTRUNNER = YES;
			};
			name = Debug;
		};
		DE6634AF1CB21552009EE247 /* Release */ = {
			isa = XCBuildConfiguration;
			buildSettings = {
				COMBINE_HIDPI_IMAGES = YES;
				INFOPLIST_FILE = GhostSKBUITests/Info.plist;
				LD_RUNPATH_SEARCH_PATHS = "$(inherited) @executable_path/../Frameworks @loader_path/../Frameworks";
				PRODUCT_BUNDLE_IDENTIFIER = com.dmx.dmx.GhostSKBUITests;
				PRODUCT_NAME = GhostSKB;
				TEST_TARGET_NAME = GhostSKB;
				USES_XCTRUNNER = YES;
			};
			name = Release;
		};
/* End XCBuildConfiguration section */

/* Begin XCConfigurationList section */
		DE66347B1CB21551009EE247 /* Build configuration list for PBXProject "GhostSKB" */ = {
			isa = XCConfigurationList;
			buildConfigurations = (
				DE6634A51CB21552009EE247 /* Debug */,
				DE6634A61CB21552009EE247 /* Release */,
			);
			defaultConfigurationIsVisible = 0;
			defaultConfigurationName = Release;
		};
		DE6634A71CB21552009EE247 /* Build configuration list for PBXNativeTarget "GhostSKB" */ = {
			isa = XCConfigurationList;
			buildConfigurations = (
				DE6634A81CB21552009EE247 /* Debug */,
				DE6634A91CB21552009EE247 /* Release */,
			);
			defaultConfigurationIsVisible = 0;
			defaultConfigurationName = Release;
		};
		DE6634AA1CB21552009EE247 /* Build configuration list for PBXNativeTarget "GhostSKBTests" */ = {
			isa = XCConfigurationList;
			buildConfigurations = (
				DE6634AB1CB21552009EE247 /* Debug */,
				DE6634AC1CB21552009EE247 /* Release */,
			);
			defaultConfigurationIsVisible = 0;
			defaultConfigurationName = Release;
		};
		DE6634AD1CB21552009EE247 /* Build configuration list for PBXNativeTarget "GhostSKBUITests" */ = {
			isa = XCConfigurationList;
			buildConfigurations = (
				DE6634AE1CB21552009EE247 /* Debug */,
				DE6634AF1CB21552009EE247 /* Release */,
			);
			defaultConfigurationIsVisible = 0;
			defaultConfigurationName = Release;
		};
/* End XCConfigurationList section */
	};
	rootObject = DE6634781CB21551009EE247 /* Project object */;
}
